
Microsoft Visual Studio Solution File, Format Version 11.00
# Visual Studio 2010
Project("{E097FAD1-6243-4DAD-9C02-E9B9EFC3FFC1}") = "Assembly-CSharp", "Assembly-CSharp.csproj", "{8DE074DD-A06E-7D84-5886-E063AA51394E}"
EndProject
Project("{E097FAD1-6243-4DAD-9C02-E9B9EFC3FFC1}") = "Assembly-CSharp-Editor-firstpass", "Assembly-CSharp-Editor-firstpass.csproj", "{DD3D35C6-3917-CF5E-D29E-FA1D144F8509}"
EndProject
Global
	GlobalSection(SolutionConfigurationPlatforms) = preSolution
		Debug|Any CPU = Debug|Any CPU
		Release|Any CPU = Release|Any CPU
	EndGlobalSection
	GlobalSection(ProjectConfigurationPlatforms) = postSolution
		{8DE074DD-A06E-7D84-5886-E063AA51394E}.Debug|Any CPU.ActiveCfg = Debug|Any CPU
		{8DE074DD-A06E-7D84-5886-E063AA51394E}.Debug|Any CPU.Build.0 = Debug|Any CPU
		{8DE074DD-A06E-7D84-5886-E063AA51394E}.Release|Any CPU.ActiveCfg = Release|Any CPU
		{8DE074DD-A06E-7D84-5886-E063AA51394E}.Release|Any CPU.Build.0 = Release|Any CPU
		{DD3D35C6-3917-CF5E-D29E-FA1D144F8509}.Debug|Any CPU.ActiveCfg = Debug|Any CPU
		{DD3D35C6-3917-CF5E-D29E-FA1D144F8509}.Debug|Any CPU.Build.0 = Debug|Any CPU
		{DD3D35C6-3917-CF5E-D29E-FA1D144F8509}.Release|Any CPU.ActiveCfg = Release|Any CPU
		{DD3D35C6-3917-CF5E-D29E-FA1D144F8509}.Release|Any CPU.Build.0 = Release|Any CPU
	EndGlobalSection
	GlobalSection(SolutionProperties) = preSolution
		HideSolutionNode = FALSE
	EndGlobalSection
	GlobalSection(MonoDevelopProperties) = preSolution
		StartupItem = Assembly-CSharp.csproj
	EndGlobalSection
EndGlobal
