
Microsoft Visual Studio Solution File, Format Version 12.00
# Visual Studio 2017
Project("{FAE04EC0-301F-11D3-BF4B-00C04F79EFBC}") = "KnucklesBattle", "KnucklesBattle.csproj", "{2CE45678-1337-6660-7D89-03CF9E15C927}"
EndProject
Project("{FAE04EC0-301F-11D3-BF4B-00C04F79EFBC}") = "KnucklesBattle.Editor.Plugins", "KnucklesBattle.Editor.Plugins.csproj", "{122D9DD5-DA0B-F3AD-814B-729CFD41F05A}"
EndProject
Global
	GlobalSection(SolutionConfigurationPlatforms) = preSolution
		Debug|Any CPU = Debug|Any CPU
		Release|Any CPU = Release|Any CPU
	EndGlobalSection
	GlobalSection(ProjectConfigurationPlatforms) = postSolution
		{2CE45678-1337-6660-7D89-03CF9E15C927}.Debug|Any CPU.ActiveCfg = Debug|Any CPU
		{2CE45678-1337-6660-7D89-03CF9E15C927}.Debug|Any CPU.Build.0 = Debug|Any CPU
		{2CE45678-1337-6660-7D89-03CF9E15C927}.Release|Any CPU.ActiveCfg = Release|Any CPU
		{2CE45678-1337-6660-7D89-03CF9E15C927}.Release|Any CPU.Build.0 = Release|Any CPU
		{122D9DD5-DA0B-F3AD-814B-729CFD41F05A}.Debug|Any CPU.ActiveCfg = Debug|Any CPU
		{122D9DD5-DA0B-F3AD-814B-729CFD41F05A}.Debug|Any CPU.Build.0 = Debug|Any CPU
		{122D9DD5-DA0B-F3AD-814B-729CFD41F05A}.Release|Any CPU.ActiveCfg = Release|Any CPU
		{122D9DD5-DA0B-F3AD-814B-729CFD41F05A}.Release|Any CPU.Build.0 = Release|Any CPU
	EndGlobalSection
	GlobalSection(SolutionProperties) = preSolution
		HideSolutionNode = FALSE
	EndGlobalSection
EndGlobal
